
Microsoft Visual Studio Solution File, Format Version 12.00
# Visual Studio Version 17
VisualStudioVersion = 17.4.33403.182
MinimumVisualStudioVersion = 10.0.40219.1
Project("{FAE04EC0-301F-11D3-BF4B-00C04F79EFBC}") = "JustForMe", "JustForMe\JustForMe.csproj", "{EDA0F08E-93BE-48F2-98FD-8DEE7FB85426}"
EndProject
Global
	GlobalSection(SolutionConfigurationPlatforms) = preSolution
		Debug|Any CPU = Debug|Any CPU
		Release|Any CPU = Release|Any CPU
	EndGlobalSection
	GlobalSection(ProjectConfigurationPlatforms) = postSolution
		{EDA0F08E-93BE-48F2-98FD-8DEE7FB85426}.Debug|Any CPU.ActiveCfg = Debug|Any CPU
		{EDA0F08E-93BE-48F2-98FD-8DEE7FB85426}.Debug|Any CPU.Build.0 = Debug|Any CPU
		{EDA0F08E-93BE-48F2-98FD-8DEE7FB85426}.Release|Any CPU.ActiveCfg = Release|Any CPU
		{EDA0F08E-93BE-48F2-98FD-8DEE7FB85426}.Release|Any CPU.Build.0 = Release|Any CPU
	EndGlobalSection
	GlobalSection(SolutionProperties) = preSolution
		HideSolutionNode = FALSE
	EndGlobalSection
	GlobalSection(ExtensibilityGlobals) = postSolution
		SolutionGuid = {D3F95B64-3696-4C86-AF39-CD49C3BA2546}
	EndGlobalSection
EndGlobal
